Microsoft Visual Studio Solution File, Format Version 12.00
# Visual Studio Version 17
VisualStudioVersion = 17.0.31903.59
MinimumVisualStudioVersion = 10.0.40219.1
Project("{9A19103F-16F7-4668-BE54-9A1E7A4F7556}") = "SPTextureMerger", "src\SPTextureMerger\SPTextureMerger.csproj", "{E2C28A4D-8A25-42AA-9DD7-F55C2E78334D}"
EndProject
Project("{9A19103F-16F7-4668-BE54-9A1E7A4F7556}") = "SPTextureMerger.Core", "src\SPTextureMerger.Core\SPTextureMerger.Core.csproj", "{B7962E63-FE4E-4FA1-A51B-1E85301EF128}"
EndProject
Project("{9A19103F-16F7-4668-BE54-9A1E7A4F7556}") = "SPTextureMerger.Tests", "tests\SPTextureMerger.Tests\SPTextureMerger.Tests.csproj", "{B6128D45-0222-4B13-AC97-63546CEB594A}"
EndProject
Global
	GlobalSection(SolutionConfigurationPlatforms) = preSolution
		Debug|Any CPU = Debug|Any CPU
		Release|Any CPU = Release|Any CPU
	EndGlobalSection
	GlobalSection(ProjectConfigurationPlatforms) = postSolution
		{E2C28A4D-8A25-42AA-9DD7-F55C2E78334D}.Debug|Any CPU.ActiveCfg = Debug|Any CPU
		{E2C28A4D-8A25-42AA-9DD7-F55C2E78334D}.Debug|Any CPU.Build.0 = Debug|Any CPU
		{E2C28A4D-8A25-42AA-9DD7-F55C2E78334D}.Release|Any CPU.ActiveCfg = Release|Any CPU
		{E2C28A4D-8A25-42AA-9DD7-F55C2E78334D}.Release|Any CPU.Build.0 = Release|Any CPU
		{B7962E63-FE4E-4FA1-A51B-1E85301EF128}.Debug|Any CPU.ActiveCfg = Debug|Any CPU
		{B7962E63-FE4E-4FA1-A51B-1E85301EF128}.Debug|Any CPU.Build.0 = Debug|Any CPU
		{B7962E63-FE4E-4FA1-A51B-1E85301EF128}.Release|Any CPU.ActiveCfg = Release|Any CPU
		{B7962E63-FE4E-4FA1-A51B-1E85301EF128}.Release|Any CPU.Build.0 = Release|Any CPU
		{B6128D45-0222-4B13-AC97-63546CEB594A}.Debug|Any CPU.ActiveCfg = Debug|Any CPU
		{B6128D45-0222-4B13-AC97-63546CEB594A}.Debug|Any CPU.Build.0 = Debug|Any CPU
		{B6128D45-0222-4B13-AC97-63546CEB594A}.Release|Any CPU.ActiveCfg = Release|Any CPU
		{B6128D45-0222-4B13-AC97-63546CEB594A}.Release|Any CPU.Build.0 = Release|Any CPU
	EndGlobalSection
	GlobalSection(SolutionProperties) = preSolution
		HideSolutionNode = FALSE
	EndGlobalSection
EndGlobal

